// !$*UTF8*$!
{
	archiveVersion = 1;
	classes = {
	};
	objectVersion = 56;
	objects = {

/* Begin PBXBuildFile section */
		BFAF31452BD0CBAE00601574 /* AppDelegate.swift in Sources */ = {isa = PBXBuildFile; fileRef = BFAF31442BD0CBAE00601574 /* AppDelegate.swift */; };
		BFAF31472BD0CBAE00601574 /* SceneDelegate.swift in Sources */ = {isa = PBXBuildFile; fileRef = BFAF31462BD0CBAE00601574 /* SceneDelegate.swift */; };
		BFAF31492BD0CBAE00601574 /* ViewController.swift in Sources */ = {isa = PBXBuildFile; fileRef = BFAF31482BD0CBAE00601574 /* ViewController.swift */; };
		BFAF314C2BD0CBAE00601574 /* Main.storyboard in Resources */ = {isa = PBXBuildFile; fileRef = BFAF314A2BD0CBAE00601574 /* Main.storyboard */; };
		BFAF314E2BD0CBAF00601574 /* Assets.xcassets in Resources */ = {isa = PBXBuildFile; fileRef = BFAF314D2BD0CBAF00601574 /* Assets.xcassets */; };
		BFAF31512BD0CBAF00601574 /* LaunchScreen.storyboard in Resources */ = {isa = PBXBuildFile; fileRef = BFAF314F2BD0CBAF00601574 /* LaunchScreen.storyboard */; };
		BFAF315A2BD0D4EE00601574 /* Extension in Frameworks */ = {isa = PBXBuildFile; productRef = BFAF31592BD0D4EE00601574 /* Extension */; };
		BFAF315D2BD0D6E800601574 /* AdvancedPageControl in Frameworks */ = {isa = PBXBuildFile; productRef = BFAF315C2BD0D6E800601574 /* AdvancedPageControl */; };
/* End PBXBuildFile section */

/* Begin PBXFileReference section */
		BFAF31412BD0CBAE00601574 /* BannerCollectionTableView.app */ = {isa = PBXFileReference; explicitFileType = wrapper.application; includeInIndex = 0; path = BannerCollectionTableView.app; sourceTree = BUILT_PRODUCTS_DIR; };
		BFAF31442BD0CBAE00601574 /* AppDelegate.swift */ = {isa = PBXFileReference; lastKnownFileType = sourcecode.swift; path = AppDelegate.swift; sourceTree = "<group>"; };
		BFAF31462BD0CBAE00601574 /* SceneDelegate.swift */ = {isa = PBXFileReference; lastKnownFileType = sourcecode.swift; path = SceneDelegate.swift; sourceTree = "<group>"; };
		BFAF31482BD0CBAE00601574 /* ViewController.swift */ = {isa = PBXFileReference; lastKnownFileType = sourcecode.swift; path = ViewController.swift; sourceTree = "<group>"; };
		BFAF314B2BD0CBAE00601574 /* Base */ = {isa = PBXFileReference; lastKnownFileType = file.storyboard; name = Base; path = Base.lproj/Main.storyboard; sourceTree = "<group>"; };
		BFAF314D2BD0CBAF00601574 /* Assets.xcassets */ = {isa = PBXFileReference; lastKnownFileType = folder.assetcatalog; path = Assets.xcassets; sourceTree = "<group>"; };
		BFAF31502BD0CBAF00601574 /* Base */ = {isa = PBXFileReference; lastKnownFileType = file.storyboard; name = Base; path = Base.lproj/LaunchScreen.storyboard; sourceTree = "<group>"; };
		BFAF31522BD0CBAF00601574 /* Info.plist */ = {isa = PBXFileReference; lastKnownFileType = text.plist.xml; path = Info.plist; sourceTree = "<group>"; };
/* End PBXFileReference section */

/* Begin PBXFrameworksBuildPhase section */
		BFAF313E2BD0CBAE00601574 /* Frameworks */ = {
			isa = PBXFrameworksBuildPhase;
			buildActionMask = 2147483647;
			files = (
				BFAF315A2BD0D4EE00601574 /* Extension in Frameworks */,
				BFAF315D2BD0D6E800601574 /* AdvancedPageControl in Frameworks */,
			);
			runOnlyForDeploymentPostprocessing = 0;
		};
/* End PBXFrameworksBuildPhase section */

/* Begin PBXGroup section */
		BFAF31382BD0CBAE00601574 = {
			isa = PBXGroup;
			children = (
				BFAF31432BD0CBAE00601574 /* BannerCollectionTableView */,
				BFAF31422BD0CBAE00601574 /* Products */,
			);
			sourceTree = "<group>";
		};
		BFAF31422BD0CBAE00601574 /* Products */ = {
			isa = PBXGroup;
			children = (
				BFAF31412BD0CBAE00601574 /* BannerCollectionTableView.app */,
			);
			name = Products;
			sourceTree = "<group>";
		};
		BFAF31432BD0CBAE00601574 /* BannerCollectionTableView */ = {
			isa = PBXGroup;
			children = (
				BFAF31442BD0CBAE00601574 /* AppDelegate.swift */,
				BFAF31462BD0CBAE00601574 /* SceneDelegate.swift */,
				BFAF31482BD0CBAE00601574 /* ViewController.swift */,
				BFAF314A2BD0CBAE00601574 /* Main.storyboard */,
				BFAF314D2BD0CBAF00601574 /* Assets.xcassets */,
				BFAF314F2BD0CBAF00601574 /* LaunchScreen.storyboard */,
				BFAF31522BD0CBAF00601574 /* Info.plist */,
			);
			path = BannerCollectionTableView;
			sourceTree = "<group>";
		};
/* End PBXGroup section */

/* Begin PBXNativeTarget section */
		BFAF31402BD0CBAE00601574 /* BannerCollectionTableView */ = {
			isa = PBXNativeTarget;
			buildConfigurationList = BFAF31552BD0CBAF00601574 /* Build configuration list for PBXNativeTarget "BannerCollectionTableView" */;
			buildPhases = (
				BFAF313D2BD0CBAE00601574 /* Sources */,
				BFAF313E2BD0CBAE00601574 /* Frameworks */,
				BFAF313F2BD0CBAE00601574 /* Resources */,
			);
			buildRules = (
			);
			dependencies = (
			);
			name = BannerCollectionTableView;
			packageProductDependencies = (
				BFAF31592BD0D4EE00601574 /* Extension */,
				BFAF315C2BD0D6E800601574 /* AdvancedPageControl */,
			);
			productName = BannerCollectionTableView;
			productReference = BFAF31412BD0CBAE00601574 /* BannerCollectionTableView.app */;
			productType = "com.apple.product-type.application";
		};
/* End PBXNativeTarget section */

/* Begin PBXProject section */
		BFAF31392BD0CBAE00601574 /* Project object */ = {
			isa = PBXProject;
			attributes = {
				BuildIndependentTargetsInParallel = 1;
				LastSwiftUpdateCheck = 1520;
				LastUpgradeCheck = 1520;
				TargetAttributes = {
					BFAF31402BD0CBAE00601574 = {
						CreatedOnToolsVersion = 15.2;
					};
				};
			};
			buildConfigurationList = BFAF313C2BD0CBAE00601574 /* Build configuration list for PBXProject "BannerCollectionTableView" */;
			compatibilityVersion = "Xcode 14.0";
			developmentRegion = en;
			hasScannedForEncodings = 0;
			knownRegions = (
				en,
				Base,
			);
			mainGroup = BFAF31382BD0CBAE00601574;
			packageReferences = (
				BFAF31582BD0D4EE00601574 /* XCRemoteSwiftPackageReference "Extension" */,
				BFAF315B2BD0D6E800601574 /* XCRemoteSwiftPackageReference "AdvancedPageControl" */,
			);
			productRefGroup = BFAF31422BD0CBAE00601574 /* Products */;
			projectDirPath = "";
			projectRoot = "";
			targets = (
				BFAF31402BD0CBAE00601574 /* BannerCollectionTableView */,
			);
		};
/* End PBXProject section */

/* Begin PBXResourcesBuildPhase section */
		BFAF313F2BD0CBAE00601574 /* Resources */ = {
			isa = PBXResourcesBuildPhase;
			buildActionMask = 2147483647;
			files = (
				BFAF31512BD0CBAF00601574 /* LaunchScreen.storyboard in Resources */,
				BFAF314E2BD0CBAF00601574 /* Assets.xcassets in Resources */,
				BFAF314C2BD0CBAE00601574 /* Main.storyboard in Resources */,
			);
			runOnlyForDeploymentPostprocessing = 0;
		};
/* End PBXResourcesBuildPhase section */

/* Begin PBXSourcesBuildPhase section */
		BFAF313D2BD0CBAE00601574 /* Sources */ = {
			isa = PBXSourcesBuildPhase;
			buildActionMask = 2147483647;
			files = (
				BFAF31492BD0CBAE00601574 /* ViewController.swift in Sources */,
				BFAF31452BD0CBAE00601574 /* AppDelegate.swift in Sources */,
				BFAF31472BD0CBAE00601574 /* SceneDelegate.swift in Sources */,
			);
			runOnlyForDeploymentPostprocessing = 0;
		};
/* End PBXSourcesBuildPhase section */

/* Begin PBXVariantGroup section */
		BFAF314A2BD0CBAE00601574 /* Main.storyboard */ = {
			isa = PBXVariantGroup;
			children = (
				BFAF314B2BD0CBAE00601574 /* Base */,
			);
			name = Main.storyboard;
			sourceTree = "<group>";
		};
		BFAF314F2BD0CBAF00601574 /* LaunchScreen.storyboard */ = {
			isa = PBXVariantGroup;
			children = (
				BFAF31502BD0CBAF00601574 /* Base */,
			);
			name = LaunchScreen.storyboard;
			sourceTree = "<group>";
		};
/* End PBXVariantGroup section */

/* Begin XCBuildConfiguration section */
		BFAF31532BD0CBAF00601574 /* Debug */ = {
			isa = XCBuildConfiguration;
			buildSettings = {
				ALWAYS_SEARCH_USER_PATHS = NO;
				ASSETCATALOG_COMPILER_GENERATE_SWIFT_ASSET_SYMBOL_EXTENSIONS = YES;
				CLANG_ANALYZER_NONNULL = YES;
				CLANG_ANALYZER_NUMBER_OBJECT_CONVERSION = YES_AGGRESSIVE;
				CLANG_CXX_LANGUAGE_STANDARD = "gnu++20";
				CLANG_ENABLE_MODULES = YES;
				CLANG_ENABLE_OBJC_ARC = YES;
				CLANG_ENABLE_OBJC_WEAK = YES;
				CLANG_WARN_BLOCK_CAPTURE_AUTORELEASING = YES;
				CLANG_WARN_BOOL_CONVERSION = YES;
				CLANG_WARN_COMMA = YES;
				CLANG_WARN_CONSTANT_CONVERSION = YES;
				CLANG_WARN_DEPRECATED_OBJC_IMPLEMENTATIONS = YES;
				CLANG_WARN_DIRECT_OBJC_ISA_USAGE = YES_ERROR;
				CLANG_WARN_DOCUMENTATION_COMMENTS = YES;
				CLANG_WARN_EMPTY_BODY = YES;
				CLANG_WARN_ENUM_CONVERSION = YES;
				CLANG_WARN_INFINITE_RECURSION = YES;
				CLANG_WARN_INT_CONVERSION = YES;
				CLANG_WARN_NON_LITERAL_NULL_CONVERSION = YES;
				CLANG_WARN_OBJC_IMPLICIT_RETAIN_SELF = YES;
				CLANG_WARN_OBJC_LITERAL_CONVERSION = YES;
				CLANG_WARN_OBJC_ROOT_CLASS = YES_ERROR;
				CLANG_WARN_QUOTED_INCLUDE_IN_FRAMEWORK_HEADER = YES;
				CLANG_WARN_RANGE_LOOP_ANALYSIS = YES;
				CLANG_WARN_STRICT_PROTOTYPES = YES;
				CLANG_WARN_SUSPICIOUS_MOVE = YES;
				CLANG_WARN_UNGUARDED_AVAILABILITY = YES_AGGRESSIVE;
				CLANG_WARN_UNREACHABLE_CODE = YES;
				CLANG_WARN__DUPLICATE_METHOD_MATCH = YES;
				COPY_PHASE_STRIP = NO;
				DEBUG_INFORMATION_FORMAT = dwarf;
				ENABLE_STRICT_OBJC_MSGSEND = YES;
				ENABLE_TESTABILITY = YES;
				ENABLE_USER_SCRIPT_SANDBOXING = YES;
				GCC_C_LANGUAGE_STANDARD = gnu17;
				GCC_DYNAMIC_NO_PIC = NO;
				GCC_NO_COMMON_BLOCKS = YES;
				GCC_OPTIMIZATION_LEVEL = 0;
				GCC_PREPROCESSOR_DEFINITIONS = (
					"DEBUG=1",
					"$(inherited)",
				);
				GCC_WARN_64_TO_32_BIT_CONVERSION = YES;
				GCC_WARN_ABOUT_RETURN_TYPE = YES_ERROR;
				GCC_WARN_UNDECLARED_SELECTOR = YES;
				GCC_WARN_UNINITIALIZED_AUTOS = YES_AGGRESSIVE;
				GCC_WARN_UNUSED_FUNCTION = YES;
				GCC_WARN_UNUSED_VARIABLE = YES;
				IPHONEOS_DEPLOYMENT_TARGET = 17.2;
				LOCALIZATION_PREFERS_STRING_CATALOGS = YES;
				MTL_ENABLE_DEBUG_INFO = INCLUDE_SOURCE;
				MTL_FAST_MATH = YES;
				ONLY_ACTIVE_ARCH = YES;
				SDKROOT = iphoneos;
				SWIFT_ACTIVE_COMPILATION_CONDITIONS = "DEBUG $(inherited)";
				SWIFT_OPTIMIZATION_LEVEL = "-Onone";
			};
			name = Debug;
		};
		BFAF31542BD0CBAF00601574 /* Release */ = {
			isa = XCBuildConfiguration;
			buildSettings = {
				ALWAYS_SEARCH_USER_PATHS = NO;
				ASSETCATALOG_COMPILER_GENERATE_SWIFT_ASSET_SYMBOL_EXTENSIONS = YES;
				CLANG_ANALYZER_NONNULL = YES;
				CLANG_ANALYZER_NUMBER_OBJECT_CONVERSION = YES_AGGRESSIVE;
				CLANG_CXX_LANGUAGE_STANDARD = "gnu++20";
				CLANG_ENABLE_MODULES = YES;
				CLANG_ENABLE_OBJC_ARC = YES;
				CLANG_ENABLE_OBJC_WEAK = YES;
				CLANG_WARN_BLOCK_CAPTURE_AUTORELEASING = YES;
				CLANG_WARN_BOOL_CONVERSION = YES;
				CLANG_WARN_COMMA = YES;
				CLANG_WARN_CONSTANT_CONVERSION = YES;
				CLANG_WARN_DEPRECATED_OBJC_IMPLEMENTATIONS = YES;
				CLANG_WARN_DIRECT_OBJC_ISA_USAGE = YES_ERROR;
				CLANG_WARN_DOCUMENTATION_COMMENTS = YES;
				CLANG_WARN_EMPTY_BODY = YES;
				CLANG_WARN_ENUM_CONVERSION = YES;
				CLANG_WARN_INFINITE_RECURSION = YES;
				CLANG_WARN_INT_CONVERSION = YES;
				CLANG_WARN_NON_LITERAL_NULL_CONVERSION = YES;
				CLANG_WARN_OBJC_IMPLICIT_RETAIN_SELF = YES;
				CLANG_WARN_OBJC_LITERAL_CONVERSION = YES;
				CLANG_WARN_OBJC_ROOT_CLASS = YES_ERROR;
				CLANG_WARN_QUOTED_INCLUDE_IN_FRAMEWORK_HEADER = YES;
				CLANG_WARN_RANGE_LOOP_ANALYSIS = YES;
				CLANG_WARN_STRICT_PROTOTYPES = YES;
				CLANG_WARN_SUSPICIOUS_MOVE = YES;
				CLANG_WARN_UNGUARDED_AVAILABILITY = YES_AGGRESSIVE;
				CLANG_WARN_UNREACHABLE_CODE = YES;
				CLANG_WARN__DUPLICATE_METHOD_MATCH = YES;
				COPY_PHASE_STRIP = NO;
				DEBUG_INFORMATION_FORMAT = "dwarf-with-dsym";
				ENABLE_NS_ASSERTIONS = NO;
				ENABLE_STRICT_OBJC_MSGSEND = YES;
				ENABLE_USER_SCRIPT_SANDBOXING = YES;
				GCC_C_LANGUAGE_STANDARD = gnu17;
				GCC_NO_COMMON_BLOCKS = YES;
				GCC_WARN_64_TO_32_BIT_CONVERSION = YES;
				GCC_WARN_ABOUT_RETURN_TYPE = YES_ERROR;
				GCC_WARN_UNDECLARED_SELECTOR = YES;
				GCC_WARN_UNINITIALIZED_AUTOS = YES_AGGRESSIVE;
				GCC_WARN_UNUSED_FUNCTION = YES;
				GCC_WARN_UNUSED_VARIABLE = YES;
				IPHONEOS_DEPLOYMENT_TARGET = 17.2;
				LOCALIZATION_PREFERS_STRING_CATALOGS = YES;
				MTL_ENABLE_DEBUG_INFO = NO;
				MTL_FAST_MATH = YES;
				SDKROOT = iphoneos;
				SWIFT_COMPILATION_MODE = wholemodule;
				VALIDATE_PRODUCT = YES;
			};
			name = Release;
		};
		BFAF31562BD0CBAF00601574 /* Debug */ = {
			isa = XCBuildConfiguration;
			buildSettings = {
				ASSETCATALOG_COMPILER_APPICON_NAME = AppIcon;
				ASSETCATALOG_COMPILER_GLOBAL_ACCENT_COLOR_NAME = AccentColor;
				CODE_SIGN_STYLE = Automatic;
				CURRENT_PROJECT_VERSION = 1;
				DEVELOPMENT_TEAM = TF5B328KPW;
				GENERATE_INFOPLIST_FILE = YES;
				INFOPLIST_FILE = BannerCollectionTableView/Info.plist;
				INFOPLIST_KEY_UIApplicationSupportsIndirectInputEvents = YES;
				INFOPLIST_KEY_UILaunchStoryboardName = LaunchScreen;
				INFOPLIST_KEY_UIMainStoryboardFile = Main;
				INFOPLIST_KEY_UISupportedInterfaceOrientations_iPad = "UIInterfaceOrientationPortrait UIInterfaceOrientationPortraitUpsideDown UIInterfaceOrientationLandscapeLeft UIInterfaceOrientationLandscapeRight";
				INFOPLIST_KEY_UISupportedInterfaceOrientations_iPhone = "UIInterfaceOrientationPortrait UIInterfaceOrientationLandscapeLeft UIInterfaceOrientationLandscapeRight";
				LD_RUNPATH_SEARCH_PATHS = (
					"$(inherited)",
					"@executable_path/Frameworks",
				);
				MARKETING_VERSION = 1.0;
				PRODUCT_BUNDLE_IDENTIFIER = com.BannerCollectionTableView;
				PRODUCT_NAME = "$(TARGET_NAME)";
				SWIFT_EMIT_LOC_STRINGS = YES;
				SWIFT_VERSION = 5.0;
				TARGETED_DEVICE_FAMILY = "1,2";
			};
			name = Debug;
		};
		BFAF31572BD0CBAF00601574 /* Release */ = {
			isa = XCBuildConfiguration;
			buildSettings = {
				ASSETCATALOG_COMPILER_APPICON_NAME = AppIcon;
				ASSETCATALOG_COMPILER_GLOBAL_ACCENT_COLOR_NAME = AccentColor;
				CODE_SIGN_STYLE = Automatic;
				CURRENT_PROJECT_VERSION = 1;
				DEVELOPMENT_TEAM = TF5B328KPW;
				GENERATE_INFOPLIST_FILE = YES;
				INFOPLIST_FILE = BannerCollectionTableView/Info.plist;
				INFOPLIST_KEY_UIApplicationSupportsIndirectInputEvents = YES;
				INFOPLIST_KEY_UILaunchStoryboardName = LaunchScreen;
				INFOPLIST_KEY_UIMainStoryboardFile = Main;
				INFOPLIST_KEY_UISupportedInterfaceOrientations_iPad = "UIInterfaceOrientationPortrait UIInterfaceOrientationPortraitUpsideDown UIInterfaceOrientationLandscapeLeft UIInterfaceOrientationLandscapeRight";
				INFOPLIST_KEY_UISupportedInterfaceOrientations_iPhone = "UIInterfaceOrientationPortrait UIInterfaceOrientationLandscapeLeft UIInterfaceOrientationLandscapeRight";
				LD_RUNPATH_SEARCH_PATHS = (
					"$(inherited)",
					"@executable_path/Frameworks",
				);
				MARKETING_VERSION = 1.0;
				PRODUCT_BUNDLE_IDENTIFIER = com.BannerCollectionTableView;
				PRODUCT_NAME = "$(TARGET_NAME)";
				SWIFT_EMIT_LOC_STRINGS = YES;
				SWIFT_VERSION = 5.0;
				TARGETED_DEVICE_FAMILY = "1,2";
			};
			name = Release;
		};
/* End XCBuildConfiguration section */

/* Begin XCConfigurationList section */
		BFAF313C2BD0CBAE00601574 /* Build configuration list for PBXProject "BannerCollectionTableView" */ = {
			isa = XCConfigurationList;
			buildConfigurations = (
				BFAF31532BD0CBAF00601574 /* Debug */,
				BFAF31542BD0CBAF00601574 /* Release */,
			);
			defaultConfigurationIsVisible = 0;
			defaultConfigurationName = Release;
		};
		BFAF31552BD0CBAF00601574 /* Build configuration list for PBXNativeTarget "BannerCollectionTableView" */ = {
			isa = XCConfigurationList;
			buildConfigurations = (
				BFAF31562BD0CBAF00601574 /* Debug */,
				BFAF31572BD0CBAF00601574 /* Release */,
			);
			defaultConfigurationIsVisible = 0;
			defaultConfigurationName = Release;
		};
/* End XCConfigurationList section */

/* Begin XCRemoteSwiftPackageReference section */
		BFAF31582BD0D4EE00601574 /* XCRemoteSwiftPackageReference "Extension" */ = {
			isa = XCRemoteSwiftPackageReference;
			repositoryURL = "https://github.com/DingSoung/Extension.git";
			requirement = {
				branch = main;
				kind = branch;
			};
		};
		BFAF315B2BD0D6E800601574 /* XCRemoteSwiftPackageReference "AdvancedPageControl" */ = {
			isa = XCRemoteSwiftPackageReference;
			repositoryURL = "https://github.com/mohn93/AdvancedPageControl.git";
			requirement = {
				branch = master;
				kind = branch;
			};
		};
/* End XCRemoteSwiftPackageReference section */

/* Begin XCSwiftPackageProductDependency section */
		BFAF31592BD0D4EE00601574 /* Extension */ = {
			isa = XCSwiftPackageProductDependency;
			package = BFAF31582BD0D4EE00601574 /* XCRemoteSwiftPackageReference "Extension" */;
			productName = Extension;
		};
		BFAF315C2BD0D6E800601574 /* AdvancedPageControl */ = {
			isa = XCSwiftPackageProductDependency;
			package = BFAF315B2BD0D6E800601574 /* XCRemoteSwiftPackageReference "AdvancedPageControl" */;
			productName = AdvancedPageControl;
		};
/* End XCSwiftPackageProductDependency section */
	};
	rootObject = BFAF31392BD0CBAE00601574 /* Project object */;
}
